// !$*UTF8*$!
{
	archiveVersion = 1;
	classes = {
	};
	objectVersion = 56;
	objects = {

/* Begin PBXBuildFile section */
		2A5721819D0643D1A7223381 /* Pods_DirectPay_CloneTests.framework in Frameworks */ = {isa = PBXBuildFile; fileRef = B08B3BB555391208914E283B /* Pods_DirectPay_CloneTests.framework */; };
		35C369B02A1E2ABE00ABD8DF /* RegistrationViewController.swift in Sources */ = {isa = PBXBuildFile; fileRef = 35C369AF2A1E2ABE00ABD8DF /* RegistrationViewController.swift */; };
		35C369BB2A1E4E2500ABD8DF /* TableViewViewController.swift in Sources */ = {isa = PBXBuildFile; fileRef = 35C369BA2A1E4E2500ABD8DF /* TableViewViewController.swift */; };
		35C369C12A1E942700ABD8DF /* UserInfoTableViewCell.swift in Sources */ = {isa = PBXBuildFile; fileRef = 35C369BF2A1E942700ABD8DF /* UserInfoTableViewCell.swift */; };
		35C369C22A1E942700ABD8DF /* UserInfoTableViewCell.xib in Resources */ = {isa = PBXBuildFile; fileRef = 35C369C02A1E942700ABD8DF /* UserInfoTableViewCell.xib */; };
		35C369C52A1F3BBF00ABD8DF /* RegistrationModel.swift in Sources */ = {isa = PBXBuildFile; fileRef = 35C369C42A1F3BBF00ABD8DF /* RegistrationModel.swift */; };
		35FEBD6C2A1DE328008F8B9B /* AppDelegate.swift in Sources */ = {isa = PBXBuildFile; fileRef = 35FEBD6B2A1DE328008F8B9B /* AppDelegate.swift */; };
		35FEBD702A1DE328008F8B9B /* ViewController.swift in Sources */ = {isa = PBXBuildFile; fileRef = 35FEBD6F2A1DE328008F8B9B /* ViewController.swift */; };
		35FEBD732A1DE328008F8B9B /* Main.storyboard in Resources */ = {isa = PBXBuildFile; fileRef = 35FEBD712A1DE328008F8B9B /* Main.storyboard */; };
		35FEBD752A1DE329008F8B9B /* Assets.xcassets in Resources */ = {isa = PBXBuildFile; fileRef = 35FEBD742A1DE329008F8B9B /* Assets.xcassets */; };
		35FEBD782A1DE329008F8B9B /* LaunchScreen.storyboard in Resources */ = {isa = PBXBuildFile; fileRef = 35FEBD762A1DE329008F8B9B /* LaunchScreen.storyboard */; };
		35FEBD832A1DE32A008F8B9B /* DirectPay_CloneTests.swift in Sources */ = {isa = PBXBuildFile; fileRef = 35FEBD822A1DE32A008F8B9B /* DirectPay_CloneTests.swift */; };
		35FEBD8D2A1DE32A008F8B9B /* DirectPay_CloneUITests.swift in Sources */ = {isa = PBXBuildFile; fileRef = 35FEBD8C2A1DE32A008F8B9B /* DirectPay_CloneUITests.swift */; };
		35FEBD8F2A1DE32A008F8B9B /* DirectPay_CloneUITestsLaunchTests.swift in Sources */ = {isa = PBXBuildFile; fileRef = 35FEBD8E2A1DE32A008F8B9B /* DirectPay_CloneUITestsLaunchTests.swift */; };
		9B91078E5882B32118F9E027 /* Pods_DirectPay_Clone.framework in Frameworks */ = {isa = PBXBuildFile; fileRef = 15DBE6CAFE66282EB1501D64 /* Pods_DirectPay_Clone.framework */; };
		AF088F0B4117C5476312B890 /* Pods_DirectPay_Clone_DirectPay_CloneUITests.framework in Frameworks */ = {isa = PBXBuildFile; fileRef = 88F61202524444B9BD66BE8C /* Pods_DirectPay_Clone_DirectPay_CloneUITests.framework */; };
/* End PBXBuildFile section */

/* Begin PBXContainerItemProxy section */
		35FEBD7F2A1DE32A008F8B9B /* PBXContainerItemProxy */ = {
			isa = PBXContainerItemProxy;
			containerPortal = 35FEBD602A1DE328008F8B9B /* Project object */;
			proxyType = 1;
			remoteGlobalIDString = 35FEBD672A1DE328008F8B9B;
			remoteInfo = "DirectPay Clone";
		};
		35FEBD892A1DE32A008F8B9B /* PBXContainerItemProxy */ = {
			isa = PBXContainerItemProxy;
			containerPortal = 35FEBD602A1DE328008F8B9B /* Project object */;
			proxyType = 1;
			remoteGlobalIDString = 35FEBD672A1DE328008F8B9B;
			remoteInfo = "DirectPay Clone";
		};
/* End PBXContainerItemProxy section */

/* Begin PBXFileReference section */
		15DBE6CAFE66282EB1501D64 /* Pods_DirectPay_Clone.framework */ = {isa = PBXFileReference; explicitFileType = wrapper.framework; includeInIndex = 0; path = Pods_DirectPay_Clone.framework; sourceTree = BUILT_PRODUCTS_DIR; };
		2DAC0B8F40D792A615F4AA9E /* Pods-DirectPay CloneTests.release.xcconfig */ = {isa = PBXFileReference; includeInIndex = 1; lastKnownFileType = text.xcconfig; name = "Pods-DirectPay CloneTests.release.xcconfig"; path = "Target Support Files/Pods-DirectPay CloneTests/Pods-DirectPay CloneTests.release.xcconfig"; sourceTree = "<group>"; };
		35C369AF2A1E2ABE00ABD8DF /* RegistrationViewController.swift */ = {isa = PBXFileReference; lastKnownFileType = sourcecode.swift; path = RegistrationViewController.swift; sourceTree = "<group>"; };
		35C369BA2A1E4E2500ABD8DF /* TableViewViewController.swift */ = {isa = PBXFileReference; lastKnownFileType = sourcecode.swift; path = TableViewViewController.swift; sourceTree = "<group>"; };
		35C369BF2A1E942700ABD8DF /* UserInfoTableViewCell.swift */ = {isa = PBXFileReference; lastKnownFileType = sourcecode.swift; path = UserInfoTableViewCell.swift; sourceTree = "<group>"; };
		35C369C02A1E942700ABD8DF /* UserInfoTableViewCell.xib */ = {isa = PBXFileReference; lastKnownFileType = file.xib; path = UserInfoTableViewCell.xib; sourceTree = "<group>"; };
		35C369C42A1F3BBF00ABD8DF /* RegistrationModel.swift */ = {isa = PBXFileReference; lastKnownFileType = sourcecode.swift; path = RegistrationModel.swift; sourceTree = "<group>"; };
		35FEBD682A1DE328008F8B9B /* DirectPay Clone.app */ = {isa = PBXFileReference; explicitFileType = wrapper.application; includeInIndex = 0; path = "DirectPay Clone.app"; sourceTree = BUILT_PRODUCTS_DIR; };
		35FEBD6B2A1DE328008F8B9B /* AppDelegate.swift */ = {isa = PBXFileReference; lastKnownFileType = sourcecode.swift; path = AppDelegate.swift; sourceTree = "<group>"; };
		35FEBD6F2A1DE328008F8B9B /* ViewController.swift */ = {isa = PBXFileReference; lastKnownFileType = sourcecode.swift; path = ViewController.swift; sourceTree = "<group>"; };
		35FEBD722A1DE328008F8B9B /* Base */ = {isa = PBXFileReference; lastKnownFileType = file.storyboard; name = Base; path = Base.lproj/Main.storyboard; sourceTree = "<group>"; };
		35FEBD742A1DE329008F8B9B /* Assets.xcassets */ = {isa = PBXFileReference; lastKnownFileType = folder.assetcatalog; path = Assets.xcassets; sourceTree = "<group>"; };
		35FEBD772A1DE329008F8B9B /* Base */ = {isa = PBXFileReference; lastKnownFileType = file.storyboard; name = Base; path = Base.lproj/LaunchScreen.storyboard; sourceTree = "<group>"; };
		35FEBD792A1DE329008F8B9B /* Info.plist */ = {isa = PBXFileReference; lastKnownFileType = text.plist.xml; path = Info.plist; sourceTree = "<group>"; };
		35FEBD7E2A1DE32A008F8B9B /* DirectPay CloneTests.xctest */ = {isa = PBXFileReference; explicitFileType = wrapper.cfbundle; includeInIndex = 0; path = "DirectPay CloneTests.xctest"; sourceTree = BUILT_PRODUCTS_DIR; };
		35FEBD822A1DE32A008F8B9B /* DirectPay_CloneTests.swift */ = {isa = PBXFileReference; lastKnownFileType = sourcecode.swift; path = DirectPay_CloneTests.swift; sourceTree = "<group>"; };
		35FEBD882A1DE32A008F8B9B /* DirectPay CloneUITests.xctest */ = {isa = PBXFileReference; explicitFileType = wrapper.cfbundle; includeInIndex = 0; path = "DirectPay CloneUITests.xctest"; sourceTree = BUILT_PRODUCTS_DIR; };
		35FEBD8C2A1DE32A008F8B9B /* DirectPay_CloneUITests.swift */ = {isa = PBXFileReference; lastKnownFileType = sourcecode.swift; path = DirectPay_CloneUITests.swift; sourceTree = "<group>"; };
		35FEBD8E2A1DE32A008F8B9B /* DirectPay_CloneUITestsLaunchTests.swift */ = {isa = PBXFileReference; lastKnownFileType = sourcecode.swift; path = DirectPay_CloneUITestsLaunchTests.swift; sourceTree = "<group>"; };
		88F61202524444B9BD66BE8C /* Pods_DirectPay_Clone_DirectPay_CloneUITests.framework */ = {isa = PBXFileReference; explicitFileType = wrapper.framework; includeInIndex = 0; path = Pods_DirectPay_Clone_DirectPay_CloneUITests.framework; sourceTree = BUILT_PRODUCTS_DIR; };
		986BFE79C8A8250F1A364C1F /* Pods-DirectPay Clone-DirectPay CloneUITests.debug.xcconfig */ = {isa = PBXFileReference; includeInIndex = 1; lastKnownFileType = text.xcconfig; name = "Pods-DirectPay Clone-DirectPay CloneUITests.debug.xcconfig"; path = "Target Support Files/Pods-DirectPay Clone-DirectPay CloneUITests/Pods-DirectPay Clone-DirectPay CloneUITests.debug.xcconfig"; sourceTree = "<group>"; };
		B08B3BB555391208914E283B /* Pods_DirectPay_CloneTests.framework */ = {isa = PBXFileReference; explicitFileType = wrapper.framework; includeInIndex = 0; path = Pods_DirectPay_CloneTests.framework; sourceTree = BUILT_PRODUCTS_DIR; };
		CDCA3C396658B554047132FA /* Pods-DirectPay Clone.release.xcconfig */ = {isa = PBXFileReference; includeInIndex = 1; lastKnownFileType = text.xcconfig; name = "Pods-DirectPay Clone.release.xcconfig"; path = "Target Support Files/Pods-DirectPay Clone/Pods-DirectPay Clone.release.xcconfig"; sourceTree = "<group>"; };
		D6C89EF923C614F3D1CD0A11 /* Pods-DirectPay CloneTests.debug.xcconfig */ = {isa = PBXFileReference; includeInIndex = 1; lastKnownFileType = text.xcconfig; name = "Pods-DirectPay CloneTests.debug.xcconfig"; path = "Target Support Files/Pods-DirectPay CloneTests/Pods-DirectPay CloneTests.debug.xcconfig"; sourceTree = "<group>"; };
		DAD9D18582E283D120D15283 /* Pods-DirectPay Clone.debug.xcconfig */ = {isa = PBXFileReference; includeInIndex = 1; lastKnownFileType = text.xcconfig; name = "Pods-DirectPay Clone.debug.xcconfig"; path = "Target Support Files/Pods-DirectPay Clone/Pods-DirectPay Clone.debug.xcconfig"; sourceTree = "<group>"; };
		DE4E2C2922AA3D9E7CE93CE9 /* Pods-DirectPay Clone-DirectPay CloneUITests.release.xcconfig */ = {isa = PBXFileReference; includeInIndex = 1; lastKnownFileType = text.xcconfig; name = "Pods-DirectPay Clone-DirectPay CloneUITests.release.xcconfig"; path = "Target Support Files/Pods-DirectPay Clone-DirectPay CloneUITests/Pods-DirectPay Clone-DirectPay CloneUITests.release.xcconfig"; sourceTree = "<group>"; };
/* End PBXFileReference section */

/* Begin PBXFrameworksBuildPhase section */
		35FEBD652A1DE328008F8B9B /* Frameworks */ = {
			isa = PBXFrameworksBuildPhase;
			buildActionMask = 2147483647;
			files = (
				9B91078E5882B32118F9E027 /* Pods_DirectPay_Clone.framework in Frameworks */,
			);
			runOnlyForDeploymentPostprocessing = 0;
		};
		35FEBD7B2A1DE32A008F8B9B /* Frameworks */ = {
			isa = PBXFrameworksBuildPhase;
			buildActionMask = 2147483647;
			files = (
				2A5721819D0643D1A7223381 /* Pods_DirectPay_CloneTests.framework in Frameworks */,
			);
			runOnlyForDeploymentPostprocessing = 0;
		};
		35FEBD852A1DE32A008F8B9B /* Frameworks */ = {
			isa = PBXFrameworksBuildPhase;
			buildActionMask = 2147483647;
			files = (
				AF088F0B4117C5476312B890 /* Pods_DirectPay_Clone_DirectPay_CloneUITests.framework in Frameworks */,
			);
			runOnlyForDeploymentPostprocessing = 0;
		};
/* End PBXFrameworksBuildPhase section */

/* Begin PBXGroup section */
		35C369BC2A1E93EA00ABD8DF /* ViewCell */ = {
			isa = PBXGroup;
			children = (
				35C369BF2A1E942700ABD8DF /* UserInfoTableViewCell.swift */,
				35C369C02A1E942700ABD8DF /* UserInfoTableViewCell.xib */,
			);
			path = ViewCell;
			sourceTree = "<group>";
		};
		35C369C32A1F3BA700ABD8DF /* Model */ = {
			isa = PBXGroup;
			children = (
				35C369C42A1F3BBF00ABD8DF /* RegistrationModel.swift */,
			);
			path = Model;
			sourceTree = "<group>";
		};
		35FEBD5F2A1DE328008F8B9B = {
			isa = PBXGroup;
			children = (
				35FEBD6A2A1DE328008F8B9B /* DirectPay Clone */,
				35FEBD812A1DE32A008F8B9B /* DirectPay CloneTests */,
				35FEBD8B2A1DE32A008F8B9B /* DirectPay CloneUITests */,
				35FEBD692A1DE328008F8B9B /* Products */,
				95651CE1B4C3A2509880EBCA /* Pods */,
				DCD83873DD2202746F4B82BA /* Frameworks */,
			);
			sourceTree = "<group>";
		};
		35FEBD692A1DE328008F8B9B /* Products */ = {
			isa = PBXGroup;
			children = (
				35FEBD682A1DE328008F8B9B /* DirectPay Clone.app */,
				35FEBD7E2A1DE32A008F8B9B /* DirectPay CloneTests.xctest */,
				35FEBD882A1DE32A008F8B9B /* DirectPay CloneUITests.xctest */,
			);
			name = Products;
			sourceTree = "<group>";
		};
		35FEBD6A2A1DE328008F8B9B /* DirectPay Clone */ = {
			isa = PBXGroup;
			children = (
				35C369C32A1F3BA700ABD8DF /* Model */,
				35FEBDB52A1DE4CF008F8B9B /* Application */,
				35FEBDBB2A1DE52D008F8B9B /* Resources */,
				35FEBDBA2A1DE4DD008F8B9B /* Storyboard */,
				35FEBDB92A1DE4D7008F8B9B /* Screens */,
				35FEBD792A1DE329008F8B9B /* Info.plist */,
			);
			path = "DirectPay Clone";
			sourceTree = "<group>";
		};
		35FEBD812A1DE32A008F8B9B /* DirectPay CloneTests */ = {
			isa = PBXGroup;
			children = (
				35FEBD822A1DE32A008F8B9B /* DirectPay_CloneTests.swift */,
			);
			path = "DirectPay CloneTests";
			sourceTree = "<group>";
		};
		35FEBD8B2A1DE32A008F8B9B /* DirectPay CloneUITests */ = {
			isa = PBXGroup;
			children = (
				35FEBD8C2A1DE32A008F8B9B /* DirectPay_CloneUITests.swift */,
				35FEBD8E2A1DE32A008F8B9B /* DirectPay_CloneUITestsLaunchTests.swift */,
			);
			path = "DirectPay CloneUITests";
			sourceTree = "<group>";
		};
		35FEBDB52A1DE4CF008F8B9B /* Application */ = {
			isa = PBXGroup;
			children = (
				35FEBD6B2A1DE328008F8B9B /* AppDelegate.swift */,
			);
			path = Application;
			sourceTree = "<group>";
		};
		35FEBDB92A1DE4D7008F8B9B /* Screens */ = {
			isa = PBXGroup;
			children = (
				35FEBD762A1DE329008F8B9B /* LaunchScreen.storyboard */,
			);
			path = Screens;
			sourceTree = "<group>";
		};
		35FEBDBA2A1DE4DD008F8B9B /* Storyboard */ = {
			isa = PBXGroup;
			children = (
				35C369BC2A1E93EA00ABD8DF /* ViewCell */,
				35FEBD6F2A1DE328008F8B9B /* ViewController.swift */,
				35FEBD712A1DE328008F8B9B /* Main.storyboard */,
				35C369AF2A1E2ABE00ABD8DF /* RegistrationViewController.swift */,
				35C369BA2A1E4E2500ABD8DF /* TableViewViewController.swift */,
			);
			path = Storyboard;
			sourceTree = "<group>";
		};
		35FEBDBB2A1DE52D008F8B9B /* Resources */ = {
			isa = PBXGroup;
			children = (
				35FEBD742A1DE329008F8B9B /* Assets.xcassets */,
			);
			path = Resources;
			sourceTree = "<group>";
		};
		95651CE1B4C3A2509880EBCA /* Pods */ = {
			isa = PBXGroup;
			children = (
				DAD9D18582E283D120D15283 /* Pods-DirectPay Clone.debug.xcconfig */,
				CDCA3C396658B554047132FA /* Pods-DirectPay Clone.release.xcconfig */,
				986BFE79C8A8250F1A364C1F /* Pods-DirectPay Clone-DirectPay CloneUITests.debug.xcconfig */,
				DE4E2C2922AA3D9E7CE93CE9 /* Pods-DirectPay Clone-DirectPay CloneUITests.release.xcconfig */,
				D6C89EF923C614F3D1CD0A11 /* Pods-DirectPay CloneTests.debug.xcconfig */,
				2DAC0B8F40D792A615F4AA9E /* Pods-DirectPay CloneTests.release.xcconfig */,
			);
			name = Pods;
			path = Pods;
			sourceTree = "<group>";
		};
		DCD83873DD2202746F4B82BA /* Frameworks */ = {
			isa = PBXGroup;
			children = (
				15DBE6CAFE66282EB1501D64 /* Pods_DirectPay_Clone.framework */,
				88F61202524444B9BD66BE8C /* Pods_DirectPay_Clone_DirectPay_CloneUITests.framework */,
				B08B3BB555391208914E283B /* Pods_DirectPay_CloneTests.framework */,
			);
			name = Frameworks;
			sourceTree = "<group>";
		};
/* End PBXGroup section */

/* Begin PBXNativeTarget section */
		35FEBD672A1DE328008F8B9B /* DirectPay Clone */ = {
			isa = PBXNativeTarget;
			buildConfigurationList = 35FEBD922A1DE32A008F8B9B /* Build configuration list for PBXNativeTarget "DirectPay Clone" */;
			buildPhases = (
				BD27F7EDB79519721B8F2CCC /* [CP] Check Pods Manifest.lock */,
				35FEBD642A1DE328008F8B9B /* Sources */,
				35FEBD652A1DE328008F8B9B /* Frameworks */,
				35FEBD662A1DE328008F8B9B /* Resources */,
				2EEE13F5978D5BD1276A0B94 /* [CP] Embed Pods Frameworks */,
			);
			buildRules = (
			);
			dependencies = (
			);
			name = "DirectPay Clone";
			productName = "DirectPay Clone";
			productReference = 35FEBD682A1DE328008F8B9B /* DirectPay Clone.app */;
			productType = "com.apple.product-type.application";
		};
		35FEBD7D2A1DE32A008F8B9B /* DirectPay CloneTests */ = {
			isa = PBXNativeTarget;
			buildConfigurationList = 35FEBD952A1DE32A008F8B9B /* Build configuration list for PBXNativeTarget "DirectPay CloneTests" */;
			buildPhases = (
				247D0B5D1A08281F5BAE75BE /* [CP] Check Pods Manifest.lock */,
				35FEBD7A2A1DE32A008F8B9B /* Sources */,
				35FEBD7B2A1DE32A008F8B9B /* Frameworks */,
				35FEBD7C2A1DE32A008F8B9B /* Resources */,
			);
			buildRules = (
			);
			dependencies = (
				35FEBD802A1DE32A008F8B9B /* PBXTargetDependency */,
			);
			name = "DirectPay CloneTests";
			productName = "DirectPay CloneTests";
			productReference = 35FEBD7E2A1DE32A008F8B9B /* DirectPay CloneTests.xctest */;
			productType = "com.apple.product-type.bundle.unit-test";
		};
		35FEBD872A1DE32A008F8B9B /* DirectPay CloneUITests */ = {
			isa = PBXNativeTarget;
			buildConfigurationList = 35FEBD982A1DE32A008F8B9B /* Build configuration list for PBXNativeTarget "DirectPay CloneUITests" */;
			buildPhases = (
				9823D23D54B2E375E99F6DDA /* [CP] Check Pods Manifest.lock */,
				35FEBD842A1DE32A008F8B9B /* Sources */,
				35FEBD852A1DE32A008F8B9B /* Frameworks */,
				35FEBD862A1DE32A008F8B9B /* Resources */,
				D9A30C4DC5AE04A6C33C9AE0 /* [CP] Embed Pods Frameworks */,
			);
			buildRules = (
			);
			dependencies = (
				35FEBD8A2A1DE32A008F8B9B /* PBXTargetDependency */,
			);
			name = "DirectPay CloneUITests";
			productName = "DirectPay CloneUITests";
			productReference = 35FEBD882A1DE32A008F8B9B /* DirectPay CloneUITests.xctest */;
			productType = "com.apple.product-type.bundle.ui-testing";
		};
/* End PBXNativeTarget section */

/* Begin PBXProject section */
		35FEBD602A1DE328008F8B9B /* Project object */ = {
			isa = PBXProject;
			attributes = {
				BuildIndependentTargetsInParallel = 1;
				LastSwiftUpdateCheck = 1430;
				LastUpgradeCheck = 1430;
				TargetAttributes = {
					35FEBD672A1DE328008F8B9B = {
						CreatedOnToolsVersion = 14.3;
					};
					35FEBD7D2A1DE32A008F8B9B = {
						CreatedOnToolsVersion = 14.3;
						TestTargetID = 35FEBD672A1DE328008F8B9B;
					};
					35FEBD872A1DE32A008F8B9B = {
						CreatedOnToolsVersion = 14.3;
						TestTargetID = 35FEBD672A1DE328008F8B9B;
					};
				};
			};
			buildConfigurationList = 35FEBD632A1DE328008F8B9B /* Build configuration list for PBXProject "DirectPay Clone" */;
			compatibilityVersion = "Xcode 14.0";
			developmentRegion = en;
			hasScannedForEncodings = 0;
			knownRegions = (
				en,
				Base,
			);
			mainGroup = 35FEBD5F2A1DE328008F8B9B;
			productRefGroup = 35FEBD692A1DE328008F8B9B /* Products */;
			projectDirPath = "";
			projectRoot = "";
			targets = (
				35FEBD672A1DE328008F8B9B /* DirectPay Clone */,
				35FEBD7D2A1DE32A008F8B9B /* DirectPay CloneTests */,
				35FEBD872A1DE32A008F8B9B /* DirectPay CloneUITests */,
			);
		};
/* End PBXProject section */

/* Begin PBXResourcesBuildPhase section */
		35FEBD662A1DE328008F8B9B /* Resources */ = {
			isa = PBXResourcesBuildPhase;
			buildActionMask = 2147483647;
			files = (
				35C369C22A1E942700ABD8DF /* UserInfoTableViewCell.xib in Resources */,
				35FEBD782A1DE329008F8B9B /* LaunchScreen.storyboard in Resources */,
				35FEBD752A1DE329008F8B9B /* Assets.xcassets in Resources */,
				35FEBD732A1DE328008F8B9B /* Main.storyboard in Resources */,
			);
			runOnlyForDeploymentPostprocessing = 0;
		};
		35FEBD7C2A1DE32A008F8B9B /* Resources */ = {
			isa = PBXResourcesBuildPhase;
			buildActionMask = 2147483647;
			files = (
			);
			runOnlyForDeploymentPostprocessing = 0;
		};
		35FEBD862A1DE32A008F8B9B /* Resources */ = {
			isa = PBXResourcesBuildPhase;
			buildActionMask = 2147483647;
			files = (
			);
			runOnlyForDeploymentPostprocessing = 0;
		};
/* End PBXResourcesBuildPhase section */

/* Begin PBXShellScriptBuildPhase section */
		247D0B5D1A08281F5BAE75BE /* [CP] Check Pods Manifest.lock */ = {
			isa = PBXShellScriptBuildPhase;
			buildActionMask = 2147483647;
			files = (
			);
			inputFileListPaths = (
			);
			inputPaths = (
				"${PODS_PODFILE_DIR_PATH}/Podfile.lock",
				"${PODS_ROOT}/Manifest.lock",
			);
			name = "[CP] Check Pods Manifest.lock";
			outputFileListPaths = (
			);
			outputPaths = (
				"$(DERIVED_FILE_DIR)/Pods-DirectPay CloneTests-checkManifestLockResult.txt",
			);
			runOnlyForDeploymentPostprocessing = 0;
			shellPath = /bin/sh;
			shellScript = "diff \"${PODS_PODFILE_DIR_PATH}/Podfile.lock\" \"${PODS_ROOT}/Manifest.lock\" > /dev/null\nif [ $? != 0 ] ; then\n    # print error to STDERR\n    echo \"error: The sandbox is not in sync with the Podfile.lock. Run 'pod install' or update your CocoaPods installation.\" >&2\n    exit 1\nfi\n# This output is used by Xcode 'outputs' to avoid re-running this script phase.\necho \"SUCCESS\" > \"${SCRIPT_OUTPUT_FILE_0}\"\n";
			showEnvVarsInLog = 0;
		};
		2EEE13F5978D5BD1276A0B94 /* [CP] Embed Pods Frameworks */ = {
			isa = PBXShellScriptBuildPhase;
			buildActionMask = 2147483647;
			files = (
			);
			inputFileListPaths = (
				"${PODS_ROOT}/Target Support Files/Pods-DirectPay Clone/Pods-DirectPay Clone-frameworks-${CONFIGURATION}-input-files.xcfilelist",
			);
			name = "[CP] Embed Pods Frameworks";
			outputFileListPaths = (
				"${PODS_ROOT}/Target Support Files/Pods-DirectPay Clone/Pods-DirectPay Clone-frameworks-${CONFIGURATION}-output-files.xcfilelist",
			);
			runOnlyForDeploymentPostprocessing = 0;
			shellPath = /bin/sh;
			shellScript = "\"${PODS_ROOT}/Target Support Files/Pods-DirectPay Clone/Pods-DirectPay Clone-frameworks.sh\"\n";
			showEnvVarsInLog = 0;
		};
		9823D23D54B2E375E99F6DDA /* [CP] Check Pods Manifest.lock */ = {
			isa = PBXShellScriptBuildPhase;
			buildActionMask = 2147483647;
			files = (
			);
			inputFileListPaths = (
			);
			inputPaths = (
				"${PODS_PODFILE_DIR_PATH}/Podfile.lock",
				"${PODS_ROOT}/Manifest.lock",
			);
			name = "[CP] Check Pods Manifest.lock";
			outputFileListPaths = (
			);
			outputPaths = (
				"$(DERIVED_FILE_DIR)/Pods-DirectPay Clone-DirectPay CloneUITests-checkManifestLockResult.txt",
			);
			runOnlyForDeploymentPostprocessing = 0;
			shellPath = /bin/sh;
			shellScript = "diff \"${PODS_PODFILE_DIR_PATH}/Podfile.lock\" \"${PODS_ROOT}/Manifest.lock\" > /dev/null\nif [ $? != 0 ] ; then\n    # print error to STDERR\n    echo \"error: The sandbox is not in sync with the Podfile.lock. Run 'pod install' or update your CocoaPods installation.\" >&2\n    exit 1\nfi\n# This output is used by Xcode 'outputs' to avoid re-running this script phase.\necho \"SUCCESS\" > \"${SCRIPT_OUTPUT_FILE_0}\"\n";
			showEnvVarsInLog = 0;
		};
		BD27F7EDB79519721B8F2CCC /* [CP] Check Pods Manifest.lock */ = {
			isa = PBXShellScriptBuildPhase;
			buildActionMask = 2147483647;
			files = (
			);
			inputFileListPaths = (
			);
			inputPaths = (
				"${PODS_PODFILE_DIR_PATH}/Podfile.lock",
				"${PODS_ROOT}/Manifest.lock",
			);
			name = "[CP] Check Pods Manifest.lock";
			outputFileListPaths = (
			);
			outputPaths = (
				"$(DERIVED_FILE_DIR)/Pods-DirectPay Clone-checkManifestLockResult.txt",
			);
			runOnlyForDeploymentPostprocessing = 0;
			shellPath = /bin/sh;
			shellScript = "diff \"${PODS_PODFILE_DIR_PATH}/Podfile.lock\" \"${PODS_ROOT}/Manifest.lock\" > /dev/null\nif [ $? != 0 ] ; then\n    # print error to STDERR\n    echo \"error: The sandbox is not in sync with the Podfile.lock. Run 'pod install' or update your CocoaPods installation.\" >&2\n    exit 1\nfi\n# This output is used by Xcode 'outputs' to avoid re-running this script phase.\necho \"SUCCESS\" > \"${SCRIPT_OUTPUT_FILE_0}\"\n";
			showEnvVarsInLog = 0;
		};
		D9A30C4DC5AE04A6C33C9AE0 /* [CP] Embed Pods Frameworks */ = {
			isa = PBXShellScriptBuildPhase;
			buildActionMask = 2147483647;
			files = (
			);
			inputFileListPaths = (
				"${PODS_ROOT}/Target Support Files/Pods-DirectPay Clone-DirectPay CloneUITests/Pods-DirectPay Clone-DirectPay CloneUITests-frameworks-${CONFIGURATION}-input-files.xcfilelist",
			);
			name = "[CP] Embed Pods Frameworks";
			outputFileListPaths = (
				"${PODS_ROOT}/Target Support Files/Pods-DirectPay Clone-DirectPay CloneUITests/Pods-DirectPay Clone-DirectPay CloneUITests-frameworks-${CONFIGURATION}-output-files.xcfilelist",
			);
			runOnlyForDeploymentPostprocessing = 0;
			shellPath = /bin/sh;
			shellScript = "\"${PODS_ROOT}/Target Support Files/Pods-DirectPay Clone-DirectPay CloneUITests/Pods-DirectPay Clone-DirectPay CloneUITests-frameworks.sh\"\n";
			showEnvVarsInLog = 0;
		};
/* End PBXShellScriptBuildPhase section */

/* Begin PBXSourcesBuildPhase section */
		35FEBD642A1DE328008F8B9B /* Sources */ = {
			isa = PBXSourcesBuildPhase;
			buildActionMask = 2147483647;
			files = (
				35C369C12A1E942700ABD8DF /* UserInfoTableViewCell.swift in Sources */,
				35FEBD702A1DE328008F8B9B /* ViewController.swift in Sources */,
				35FEBD6C2A1DE328008F8B9B /* AppDelegate.swift in Sources */,
				35C369B02A1E2ABE00ABD8DF /* RegistrationViewController.swift in Sources */,
				35C369C52A1F3BBF00ABD8DF /* RegistrationModel.swift in Sources */,
				35C369BB2A1E4E2500ABD8DF /* TableViewViewController.swift in Sources */,
			);
			runOnlyForDeploymentPostprocessing = 0;
		};
		35FEBD7A2A1DE32A008F8B9B /* Sources */ = {
			isa = PBXSourcesBuildPhase;
			buildActionMask = 2147483647;
			files = (
				35FEBD832A1DE32A008F8B9B /* DirectPay_CloneTests.swift in Sources */,
			);
			runOnlyForDeploymentPostprocessing = 0;
		};
		35FEBD842A1DE32A008F8B9B /* Sources */ = {
			isa = PBXSourcesBuildPhase;
			buildActionMask = 2147483647;
			files = (
				35FEBD8F2A1DE32A008F8B9B /* DirectPay_CloneUITestsLaunchTests.swift in Sources */,
				35FEBD8D2A1DE32A008F8B9B /* DirectPay_CloneUITests.swift in Sources */,
			);
			runOnlyForDeploymentPostprocessing = 0;
		};
/* End PBXSourcesBuildPhase section */

/* Begin PBXTargetDependency section */
		35FEBD802A1DE32A008F8B9B /* PBXTargetDependency */ = {
			isa = PBXTargetDependency;
			target = 35FEBD672A1DE328008F8B9B /* DirectPay Clone */;
			targetProxy = 35FEBD7F2A1DE32A008F8B9B /* PBXContainerItemProxy */;
		};
		35FEBD8A2A1DE32A008F8B9B /* PBXTargetDependency */ = {
			isa = PBXTargetDependency;
			target = 35FEBD672A1DE328008F8B9B /* DirectPay Clone */;
			targetProxy = 35FEBD892A1DE32A008F8B9B /* PBXContainerItemProxy */;
		};
/* End PBXTargetDependency section */

/* Begin PBXVariantGroup section */
		35FEBD712A1DE328008F8B9B /* Main.storyboard */ = {
			isa = PBXVariantGroup;
			children = (
				35FEBD722A1DE328008F8B9B /* Base */,
			);
			name = Main.storyboard;
			sourceTree = "<group>";
		};
		35FEBD762A1DE329008F8B9B /* LaunchScreen.storyboard */ = {
			isa = PBXVariantGroup;
			children = (
				35FEBD772A1DE329008F8B9B /* Base */,
			);
			name = LaunchScreen.storyboard;
			sourceTree = "<group>";
		};
/* End PBXVariantGroup section */

/* Begin XCBuildConfiguration section */
		35FEBD902A1DE32A008F8B9B /* Debug */ = {
			isa = XCBuildConfiguration;
			buildSettings = {
				ALWAYS_SEARCH_USER_PATHS = NO;
				CLANG_ANALYZER_NONNULL = YES;
				CLANG_ANALYZER_NUMBER_OBJECT_CONVERSION = YES_AGGRESSIVE;
				CLANG_CXX_LANGUAGE_STANDARD = "gnu++20";
				CLANG_ENABLE_MODULES = YES;
				CLANG_ENABLE_OBJC_ARC = YES;
				CLANG_ENABLE_OBJC_WEAK = YES;
				CLANG_WARN_BLOCK_CAPTURE_AUTORELEASING = YES;
				CLANG_WARN_BOOL_CONVERSION = YES;
				CLANG_WARN_COMMA = YES;
				CLANG_WARN_CONSTANT_CONVERSION = YES;
				CLANG_WARN_DEPRECATED_OBJC_IMPLEMENTATIONS = YES;
				CLANG_WARN_DIRECT_OBJC_ISA_USAGE = YES_ERROR;
				CLANG_WARN_DOCUMENTATION_COMMENTS = YES;
				CLANG_WARN_EMPTY_BODY = YES;
				CLANG_WARN_ENUM_CONVERSION = YES;
				CLANG_WARN_INFINITE_RECURSION = YES;
				CLANG_WARN_INT_CONVERSION = YES;
				CLANG_WARN_NON_LITERAL_NULL_CONVERSION = YES;
				CLANG_WARN_OBJC_IMPLICIT_RETAIN_SELF = YES;
				CLANG_WARN_OBJC_LITERAL_CONVERSION = YES;
				CLANG_WARN_OBJC_ROOT_CLASS = YES_ERROR;
				CLANG_WARN_QUOTED_INCLUDE_IN_FRAMEWORK_HEADER = YES;
				CLANG_WARN_RANGE_LOOP_ANALYSIS = YES;
				CLANG_WARN_STRICT_PROTOTYPES = YES;
				CLANG_WARN_SUSPICIOUS_MOVE = YES;
				CLANG_WARN_UNGUARDED_AVAILABILITY = YES_AGGRESSIVE;
				CLANG_WARN_UNREACHABLE_CODE = YES;
				CLANG_WARN__DUPLICATE_METHOD_MATCH = YES;
				COPY_PHASE_STRIP = NO;
				DEBUG_INFORMATION_FORMAT = dwarf;
				ENABLE_STRICT_OBJC_MSGSEND = YES;
				ENABLE_TESTABILITY = YES;
				GCC_C_LANGUAGE_STANDARD = gnu11;
				GCC_DYNAMIC_NO_PIC = NO;
				GCC_NO_COMMON_BLOCKS = YES;
				GCC_OPTIMIZATION_LEVEL = 0;
				GCC_PREPROCESSOR_DEFINITIONS = (
					"DEBUG=1",
					"$(inherited)",
				);
				GCC_WARN_64_TO_32_BIT_CONVERSION = YES;
				GCC_WARN_ABOUT_RETURN_TYPE = YES_ERROR;
				GCC_WARN_UNDECLARED_SELECTOR = YES;
				GCC_WARN_UNINITIALIZED_AUTOS = YES_AGGRESSIVE;
				GCC_WARN_UNUSED_FUNCTION = YES;
				GCC_WARN_UNUSED_VARIABLE = YES;
				IPHONEOS_DEPLOYMENT_TARGET = 16.4;
				MTL_ENABLE_DEBUG_INFO = INCLUDE_SOURCE;
				MTL_FAST_MATH = YES;
				ONLY_ACTIVE_ARCH = YES;
				SDKROOT = iphoneos;
				SWIFT_ACTIVE_COMPILATION_CONDITIONS = DEBUG;
				SWIFT_OPTIMIZATION_LEVEL = "-Onone";
			};
			name = Debug;
		};
		35FEBD912A1DE32A008F8B9B /* Release */ = {
			isa = XCBuildConfiguration;
			buildSettings = {
				ALWAYS_SEARCH_USER_PATHS = NO;
				CLANG_ANALYZER_NONNULL = YES;
				CLANG_ANALYZER_NUMBER_OBJECT_CONVERSION = YES_AGGRESSIVE;
				CLANG_CXX_LANGUAGE_STANDARD = "gnu++20";
				CLANG_ENABLE_MODULES = YES;
				CLANG_ENABLE_OBJC_ARC = YES;
				CLANG_ENABLE_OBJC_WEAK = YES;
				CLANG_WARN_BLOCK_CAPTURE_AUTORELEASING = YES;
				CLANG_WARN_BOOL_CONVERSION = YES;
				CLANG_WARN_COMMA = YES;
				CLANG_WARN_CONSTANT_CONVERSION = YES;
				CLANG_WARN_DEPRECATED_OBJC_IMPLEMENTATIONS = YES;
				CLANG_WARN_DIRECT_OBJC_ISA_USAGE = YES_ERROR;
				CLANG_WARN_DOCUMENTATION_COMMENTS = YES;
				CLANG_WARN_EMPTY_BODY = YES;
				CLANG_WARN_ENUM_CONVERSION = YES;
				CLANG_WARN_INFINITE_RECURSION = YES;
				CLANG_WARN_INT_CONVERSION = YES;
				CLANG_WARN_NON_LITERAL_NULL_CONVERSION = YES;
				CLANG_WARN_OBJC_IMPLICIT_RETAIN_SELF = YES;
				CLANG_WARN_OBJC_LITERAL_CONVERSION = YES;
				CLANG_WARN_OBJC_ROOT_CLASS = YES_ERROR;
				CLANG_WARN_QUOTED_INCLUDE_IN_FRAMEWORK_HEADER = YES;
				CLANG_WARN_RANGE_LOOP_ANALYSIS = YES;
				CLANG_WARN_STRICT_PROTOTYPES = YES;
				CLANG_WARN_SUSPICIOUS_MOVE = YES;
				CLANG_WARN_UNGUARDED_AVAILABILITY = YES_AGGRESSIVE;
				CLANG_WARN_UNREACHABLE_CODE = YES;
				CLANG_WARN__DUPLICATE_METHOD_MATCH = YES;
				COPY_PHASE_STRIP = NO;
				DEBUG_INFORMATION_FORMAT = "dwarf-with-dsym";
				ENABLE_NS_ASSERTIONS = NO;
				ENABLE_STRICT_OBJC_MSGSEND = YES;
				GCC_C_LANGUAGE_STANDARD = gnu11;
				GCC_NO_COMMON_BLOCKS = YES;
				GCC_WARN_64_TO_32_BIT_CONVERSION = YES;
				GCC_WARN_ABOUT_RETURN_TYPE = YES_ERROR;
				GCC_WARN_UNDECLARED_SELECTOR = YES;
				GCC_WARN_UNINITIALIZED_AUTOS = YES_AGGRESSIVE;
				GCC_WARN_UNUSED_FUNCTION = YES;
				GCC_WARN_UNUSED_VARIABLE = YES;
				IPHONEOS_DEPLOYMENT_TARGET = 16.4;
				MTL_ENABLE_DEBUG_INFO = NO;
				MTL_FAST_MATH = YES;
				SDKROOT = iphoneos;
				SWIFT_COMPILATION_MODE = wholemodule;
				SWIFT_OPTIMIZATION_LEVEL = "-O";
				VALIDATE_PRODUCT = YES;
			};
			name = Release;
		};
		35FEBD932A1DE32A008F8B9B /* Debug */ = {
			isa = XCBuildConfiguration;
			baseConfigurationReference = DAD9D18582E283D120D15283 /* Pods-DirectPay Clone.debug.xcconfig */;
			buildSettings = {
				ASSETCATALOG_COMPILER_APPICON_NAME = AppIcon;
				ASSETCATALOG_COMPILER_GLOBAL_ACCENT_COLOR_NAME = AccentColor;
				CODE_SIGN_STYLE = Automatic;
				CURRENT_PROJECT_VERSION = 1;
				GENERATE_INFOPLIST_FILE = YES;
				INFOPLIST_FILE = "DirectPay Clone/Info.plist";
				INFOPLIST_KEY_UIApplicationSupportsIndirectInputEvents = YES;
				INFOPLIST_KEY_UILaunchStoryboardName = LaunchScreen;
				INFOPLIST_KEY_UIMainStoryboardFile = Main;
				INFOPLIST_KEY_UISupportedInterfaceOrientations = UIInterfaceOrientationPortrait;
				INFOPLIST_KEY_UISupportedInterfaceOrientations_iPad = "UIInterfaceOrientationLandscapeLeft UIInterfaceOrientationLandscapeRight UIInterfaceOrientationPortrait UIInterfaceOrientationPortraitUpsideDown";
				LD_RUNPATH_SEARCH_PATHS = (
					"$(inherited)",
					"@executable_path/Frameworks",
				);
				MARKETING_VERSION = 1.0;
				PRODUCT_BUNDLE_IDENTIFIER = "com.hamzaahmedshad.DirectPay-Clone";
				PRODUCT_NAME = "$(TARGET_NAME)";
				SUPPORTED_PLATFORMS = "iphoneos iphonesimulator";
				SUPPORTS_MACCATALYST = NO;
				SUPPORTS_MAC_DESIGNED_FOR_IPHONE_IPAD = NO;
				SWIFT_EMIT_LOC_STRINGS = YES;
				SWIFT_VERSION = 5.0;
				TARGETED_DEVICE_FAMILY = 1;
			};
			name = Debug;
		};
		35FEBD942A1DE32A008F8B9B /* Release */ = {
			isa = XCBuildConfiguration;
			baseConfigurationReference = CDCA3C396658B554047132FA /* Pods-DirectPay Clone.release.xcconfig */;
			buildSettings = {
				ASSETCATALOG_COMPILER_APPICON_NAME = AppIcon;
				ASSETCATALOG_COMPILER_GLOBAL_ACCENT_COLOR_NAME = AccentColor;
				CODE_SIGN_STYLE = Automatic;
				CURRENT_PROJECT_VERSION = 1;
				GENERATE_INFOPLIST_FILE = YES;
				INFOPLIST_FILE = "DirectPay Clone/Info.plist";
				INFOPLIST_KEY_UIApplicationSupportsIndirectInputEvents = YES;
				INFOPLIST_KEY_UILaunchStoryboardName = LaunchScreen;
				INFOPLIST_KEY_UIMainStoryboardFile = Main;
				INFOPLIST_KEY_UISupportedInterfaceOrientations = UIInterfaceOrientationPortrait;
				INFOPLIST_KEY_UISupportedInterfaceOrientations_iPad = "UIInterfaceOrientationLandscapeLeft UIInterfaceOrientationLandscapeRight UIInterfaceOrientationPortrait UIInterfaceOrientationPortraitUpsideDown";
				LD_RUNPATH_SEARCH_PATHS = (
					"$(inherited)",
					"@executable_path/Frameworks",
				);
				MARKETING_VERSION = 1.0;
				PRODUCT_BUNDLE_IDENTIFIER = "com.hamzaahmedshad.DirectPay-Clone";
				PRODUCT_NAME = "$(TARGET_NAME)";
				SUPPORTED_PLATFORMS = "iphoneos iphonesimulator";
				SUPPORTS_MACCATALYST = NO;
				SUPPORTS_MAC_DESIGNED_FOR_IPHONE_IPAD = NO;
				SWIFT_EMIT_LOC_STRINGS = YES;
				SWIFT_VERSION = 5.0;
				TARGETED_DEVICE_FAMILY = 1;
			};
			name = Release;
		};
		35FEBD962A1DE32A008F8B9B /* Debug */ = {
			isa = XCBuildConfiguration;
			baseConfigurationReference = D6C89EF923C614F3D1CD0A11 /* Pods-DirectPay CloneTests.debug.xcconfig */;
			buildSettings = {
				ALWAYS_EMBED_SWIFT_STANDARD_LIBRARIES = YES;
				BUNDLE_LOADER = "$(TEST_HOST)";
				CODE_SIGN_STYLE = Automatic;
				CURRENT_PROJECT_VERSION = 1;
				GENERATE_INFOPLIST_FILE = YES;
				IPHONEOS_DEPLOYMENT_TARGET = 16.4;
				MARKETING_VERSION = 1.0;
				PRODUCT_BUNDLE_IDENTIFIER = "com.hamzaahmedshad.DirectPay-CloneTests";
				PRODUCT_NAME = "$(TARGET_NAME)";
				SWIFT_EMIT_LOC_STRINGS = NO;
				SWIFT_VERSION = 5.0;
				TARGETED_DEVICE_FAMILY = "1,2";
				TEST_HOST = "$(BUILT_PRODUCTS_DIR)/DirectPay Clone.app/$(BUNDLE_EXECUTABLE_FOLDER_PATH)/DirectPay Clone";
			};
			name = Debug;
		};
		35FEBD972A1DE32A008F8B9B /* Release */ = {
			isa = XCBuildConfiguration;
			baseConfigurationReference = 2DAC0B8F40D792A615F4AA9E /* Pods-DirectPay CloneTests.release.xcconfig */;
			buildSettings = {
				ALWAYS_EMBED_SWIFT_STANDARD_LIBRARIES = YES;
				BUNDLE_LOADER = "$(TEST_HOST)";
				CODE_SIGN_STYLE = Automatic;
				CURRENT_PROJECT_VERSION = 1;
				GENERATE_INFOPLIST_FILE = YES;
				IPHONEOS_DEPLOYMENT_TARGET = 16.4;
				MARKETING_VERSION = 1.0;
				PRODUCT_BUNDLE_IDENTIFIER = "com.hamzaahmedshad.DirectPay-CloneTests";
				PRODUCT_NAME = "$(TARGET_NAME)";
				SWIFT_EMIT_LOC_STRINGS = NO;
				SWIFT_VERSION = 5.0;
				TARGETED_DEVICE_FAMILY = "1,2";
				TEST_HOST = "$(BUILT_PRODUCTS_DIR)/DirectPay Clone.app/$(BUNDLE_EXECUTABLE_FOLDER_PATH)/DirectPay Clone";
			};
			name = Release;
		};
		35FEBD992A1DE32A008F8B9B /* Debug */ = {
			isa = XCBuildConfiguration;
			baseConfigurationReference = 986BFE79C8A8250F1A364C1F /* Pods-DirectPay Clone-DirectPay CloneUITests.debug.xcconfig */;
			buildSettings = {
				ALWAYS_EMBED_SWIFT_STANDARD_LIBRARIES = YES;
				CODE_SIGN_STYLE = Automatic;
				CURRENT_PROJECT_VERSION = 1;
				GENERATE_INFOPLIST_FILE = YES;
				MARKETING_VERSION = 1.0;
				PRODUCT_BUNDLE_IDENTIFIER = "com.hamzaahmedshad.DirectPay-CloneUITests";
				PRODUCT_NAME = "$(TARGET_NAME)";
				SWIFT_EMIT_LOC_STRINGS = NO;
				SWIFT_VERSION = 5.0;
				TARGETED_DEVICE_FAMILY = "1,2";
				TEST_TARGET_NAME = "DirectPay Clone";
			};
			name = Debug;
		};
		35FEBD9A2A1DE32A008F8B9B /* Release */ = {
			isa = XCBuildConfiguration;
			baseConfigurationReference = DE4E2C2922AA3D9E7CE93CE9 /* Pods-DirectPay Clone-DirectPay CloneUITests.release.xcconfig */;
			buildSettings = {
				ALWAYS_EMBED_SWIFT_STANDARD_LIBRARIES = YES;
				CODE_SIGN_STYLE = Automatic;
				CURRENT_PROJECT_VERSION = 1;
				GENERATE_INFOPLIST_FILE = YES;
				MARKETING_VERSION = 1.0;
				PRODUCT_BUNDLE_IDENTIFIER = "com.hamzaahmedshad.DirectPay-CloneUITests";
				PRODUCT_NAME = "$(TARGET_NAME)";
				SWIFT_EMIT_LOC_STRINGS = NO;
				SWIFT_VERSION = 5.0;
				TARGETED_DEVICE_FAMILY = "1,2";
				TEST_TARGET_NAME = "DirectPay Clone";
			};
			name = Release;
		};
/* End XCBuildConfiguration section */

/* Begin XCConfigurationList section */
		35FEBD632A1DE328008F8B9B /* Build configuration list for PBXProject "DirectPay Clone" */ = {
			isa = XCConfigurationList;
			buildConfigurations = (
				35FEBD902A1DE32A008F8B9B /* Debug */,
				35FEBD912A1DE32A008F8B9B /* Release */,
			);
			defaultConfigurationIsVisible = 0;
			defaultConfigurationName = Release;
		};
		35FEBD922A1DE32A008F8B9B /* Build configuration list for PBXNativeTarget "DirectPay Clone" */ = {
			isa = XCConfigurationList;
			buildConfigurations = (
				35FEBD932A1DE32A008F8B9B /* Debug */,
				35FEBD942A1DE32A008F8B9B /* Release */,
			);
			defaultConfigurationIsVisible = 0;
			defaultConfigurationName = Release;
		};
		35FEBD952A1DE32A008F8B9B /* Build configuration list for PBXNativeTarget "DirectPay CloneTests" */ = {
			isa = XCConfigurationList;
			buildConfigurations = (
				35FEBD962A1DE32A008F8B9B /* Debug */,
				35FEBD972A1DE32A008F8B9B /* Release */,
			);
			defaultConfigurationIsVisible = 0;
			defaultConfigurationName = Release;
		};
		35FEBD982A1DE32A008F8B9B /* Build configuration list for PBXNativeTarget "DirectPay CloneUITests" */ = {
			isa = XCConfigurationList;
			buildConfigurations = (
				35FEBD992A1DE32A008F8B9B /* Debug */,
				35FEBD9A2A1DE32A008F8B9B /* Release */,
			);
			defaultConfigurationIsVisible = 0;
			defaultConfigurationName = Release;
		};
/* End XCConfigurationList section */
	};
	rootObject = 35FEBD602A1DE328008F8B9B /* Project object */;
}
